{
  "schema_version": "2",
  "document": "lock",
  "project": "2198fb51-71ba-4695-8e1f-26b55144c4fd",
  "note": "Written by CI when a release tag is pushed: what each published release's archive contains. Do not edit.",
  "releases": [
    {
      "version": "1.0.0",
      "locked_from": "6752b3eaf495d33641b4a60a8c5c2fae06088eed",
      "artifacts": [
        {
          "id": "crate",
          "format": "crate",
          "filename": "l3i-1.0.0.crate",
          "media_type": "application/gzip",
          "size": 1767011,
          "digests": {
            "sha256": "134fabf2180017b64f9d361f2e42374aed00c22257285cc5030743aa29fbc11d"
          }
        }
      ],
      "runtimes": {},
      "platforms": [],
      "provides": [],
      "relationships": [
        {
          "kind": "requires",
          "project": "f82752ac-e7f6-43c0-8c2f-d91b7f6b3dda",
          "name": "dream-net",
          "version": "=1.0.0",
          "url": "https://DreamWeave-MP.github.io/dream-net/",
          "reason": "Runtime infrastructure: the @dream/net module is in every plan, and l3i owns the bridge."
        },
        {
          "kind": "recommends",
          "project": "f7b9633b-b7cb-4db9-a19f-63556586a81d",
          "name": "dream-soft-render",
          "version": "=1.0.0",
          "url": "https://DreamWeave-MP.github.io/dream-soft-render/",
          "reason": "The @dream/soft-render module, when the soft-render feature is on."
        }
      ],
      "components": [
        {
          "id": "main",
          "name": "l3i",
          "path": ".",
          "required": true,
          "default": true,
          "requires": [],
          "conflicts": [],
          "suggested_with": []
        }
      ],
      "groups": [],
      "extensions": {},
      "critical_extensions": []
    }
  ]
}
